// !$*UTF8*$!
{
	archiveVersion = 1;
	classes = {
	};
	objectVersion = 56;
	objects = {

/* Begin PBXBuildFile section */
		9565E79E2C16E65100B2BE25 /* MyShopApp.swift in Sources */ = {isa = PBXBuildFile; fileRef = 9565E79D2C16E65100B2BE25 /* MyShopApp.swift */; };
		9565E7A02C16E65100B2BE25 /* ContentView.swift in Sources */ = {isa = PBXBuildFile; fileRef = 9565E79F2C16E65100B2BE25 /* ContentView.swift */; };
		9565E7A22C16E65200B2BE25 /* Assets.xcassets in Resources */ = {isa = PBXBuildFile; fileRef = 9565E7A12C16E65200B2BE25 /* Assets.xcassets */; };
		9565E7A52C16E65200B2BE25 /* Preview Assets.xcassets in Resources */ = {isa = PBXBuildFile; fileRef = 9565E7A42C16E65200B2BE25 /* Preview Assets.xcassets */; };
		9565E7AF2C16E65200B2BE25 /* My_ShopTests.swift in Sources */ = {isa = PBXBuildFile; fileRef = 9565E7AE2C16E65200B2BE25 /* My_ShopTests.swift */; };
		9565E7B92C16E65200B2BE25 /* My_ShopUITests.swift in Sources */ = {isa = PBXBuildFile; fileRef = 9565E7B82C16E65200B2BE25 /* My_ShopUITests.swift */; };
		9565E7BB2C16E65200B2BE25 /* My_ShopUITestsLaunchTests.swift in Sources */ = {isa = PBXBuildFile; fileRef = 9565E7BA2C16E65200B2BE25 /* My_ShopUITestsLaunchTests.swift */; };
		9565E7C92C16E69700B2BE25 /* HomeView.swift in Sources */ = {isa = PBXBuildFile; fileRef = 9565E7C82C16E69700B2BE25 /* HomeView.swift */; };
		9565E7CB2C16E6AA00B2BE25 /* CartView.swift in Sources */ = {isa = PBXBuildFile; fileRef = 9565E7CA2C16E6AA00B2BE25 /* CartView.swift */; };
		9565E7CD2C16E6B600B2BE25 /* AccountView.swift in Sources */ = {isa = PBXBuildFile; fileRef = 9565E7CC2C16E6B600B2BE25 /* AccountView.swift */; };
		9565E7D02C16F96B00B2BE25 /* Appetizer.swift in Sources */ = {isa = PBXBuildFile; fileRef = 9565E7CF2C16F96B00B2BE25 /* Appetizer.swift */; };
		9565E7D42C1704D500B2BE25 /* ListItem.swift in Sources */ = {isa = PBXBuildFile; fileRef = 9565E7D32C1704D500B2BE25 /* ListItem.swift */; };
		9565E7D82C170BC400B2BE25 /* ShopError.swift in Sources */ = {isa = PBXBuildFile; fileRef = 9565E7D72C170BC400B2BE25 /* ShopError.swift */; };
		9565E7DA2C170E5C00B2BE25 /* NetworkManager.swift in Sources */ = {isa = PBXBuildFile; fileRef = 9565E7D92C170E5C00B2BE25 /* NetworkManager.swift */; };
		9565E7DC2C1756C700B2BE25 /* HomeViewModel.swift in Sources */ = {isa = PBXBuildFile; fileRef = 9565E7DB2C1756C700B2BE25 /* HomeViewModel.swift */; };
		9565E7DE2C17586600B2BE25 /* Alert.swift in Sources */ = {isa = PBXBuildFile; fileRef = 9565E7DD2C17586600B2BE25 /* Alert.swift */; };
		9565E7E12C175DA400B2BE25 /* ColorExtensions.swift in Sources */ = {isa = PBXBuildFile; fileRef = 9565E7E02C175DA400B2BE25 /* ColorExtensions.swift */; };
		9565E7EA2C176B8200B2BE25 /* DetailsView.swift in Sources */ = {isa = PBXBuildFile; fileRef = 9565E7E92C176B8200B2BE25 /* DetailsView.swift */; };
		9565E7EC2C181C4700B2BE25 /* ShopImage.swift in Sources */ = {isa = PBXBuildFile; fileRef = 9565E7EB2C181C4700B2BE25 /* ShopImage.swift */; };
		9565E7EE2C181E6500B2BE25 /* ShopButton.swift in Sources */ = {isa = PBXBuildFile; fileRef = 9565E7ED2C181E6500B2BE25 /* ShopButton.swift */; };
		9565E7F02C181F4700B2BE25 /* ShopCancelButton.swift in Sources */ = {isa = PBXBuildFile; fileRef = 9565E7EF2C181F4700B2BE25 /* ShopCancelButton.swift */; };
		9565E7F52C18297100B2BE25 /* ShopToggle.swift in Sources */ = {isa = PBXBuildFile; fileRef = 9565E7F42C18297100B2BE25 /* ShopToggle.swift */; };
		9565E7FE2C1850C900B2BE25 /* AccountViewModel.swift in Sources */ = {isa = PBXBuildFile; fileRef = 9565E7FD2C1850C900B2BE25 /* AccountViewModel.swift */; };
		9565E8002C1852D600B2BE25 /* StringExtensions.swift in Sources */ = {isa = PBXBuildFile; fileRef = 9565E7FF2C1852D600B2BE25 /* StringExtensions.swift */; };
		9565E8022C18554600B2BE25 /* User.swift in Sources */ = {isa = PBXBuildFile; fileRef = 9565E8012C18554600B2BE25 /* User.swift */; };
		9565E8052C18690100B2BE25 /* NetworkMonitor.swift in Sources */ = {isa = PBXBuildFile; fileRef = 9565E8042C18690100B2BE25 /* NetworkMonitor.swift */; };
		9565E8092C186AD400B2BE25 /* AsyncCachedImage.swift in Sources */ = {isa = PBXBuildFile; fileRef = 9565E8082C186AD400B2BE25 /* AsyncCachedImage.swift */; };
		9565E80C2C186D8500B2BE25 /* CircleLoader.swift in Sources */ = {isa = PBXBuildFile; fileRef = 9565E80B2C186D8500B2BE25 /* CircleLoader.swift */; };
		9565E80E2C186DA200B2BE25 /* DotLoader.swift in Sources */ = {isa = PBXBuildFile; fileRef = 9565E80D2C186DA200B2BE25 /* DotLoader.swift */; };
		9565E8102C186DBD00B2BE25 /* BounceLoader.swift in Sources */ = {isa = PBXBuildFile; fileRef = 9565E80F2C186DBD00B2BE25 /* BounceLoader.swift */; };
		9565E8122C1871FE00B2BE25 /* Localizable.xcstrings in Resources */ = {isa = PBXBuildFile; fileRef = 9565E8112C1871FE00B2BE25 /* Localizable.xcstrings */; };
		9565E8162C1895F200B2BE25 /* LanguageSetting.swift in Sources */ = {isa = PBXBuildFile; fileRef = 9565E8152C1895F200B2BE25 /* LanguageSetting.swift */; };
		9565E8182C18B1DB00B2BE25 /* CartViewModel.swift in Sources */ = {isa = PBXBuildFile; fileRef = 9565E8172C18B1DB00B2BE25 /* CartViewModel.swift */; };
		9565E81A2C18BE4B00B2BE25 /* EmptyCartView.swift in Sources */ = {isa = PBXBuildFile; fileRef = 9565E8192C18BE4A00B2BE25 /* EmptyCartView.swift */; };
		9565E81D2C18C36300B2BE25 /* OrderView.swift in Sources */ = {isa = PBXBuildFile; fileRef = 9565E81C2C18C36200B2BE25 /* OrderView.swift */; };
		9565E81F2C18C38300B2BE25 /* OrderViewModel.swift in Sources */ = {isa = PBXBuildFile; fileRef = 9565E81E2C18C38300B2BE25 /* OrderViewModel.swift */; };
		95EFC71E2C19F9C300BAEC57 /* DateExtensions.swift in Sources */ = {isa = PBXBuildFile; fileRef = 95EFC71D2C19F9C300BAEC57 /* DateExtensions.swift */; };
		95EFC7212C19FE7C00BAEC57 /* CoreDataViewModel.swift in Sources */ = {isa = PBXBuildFile; fileRef = 95EFC7202C19FE7C00BAEC57 /* CoreDataViewModel.swift */; };
		95EFC7252C19FF0200BAEC57 /* ShopContainer.xcdatamodeld in Sources */ = {isa = PBXBuildFile; fileRef = 95EFC7232C19FF0200BAEC57 /* ShopContainer.xcdatamodeld */; };
		95EFC72A2C1A1E0E00BAEC57 /* CoreDataModel.swift in Sources */ = {isa = PBXBuildFile; fileRef = 95EFC7292C1A1E0E00BAEC57 /* CoreDataModel.swift */; };
/* End PBXBuildFile section */

/* Begin PBXContainerItemProxy section */
		9565E7AB2C16E65200B2BE25 /* PBXContainerItemProxy */ = {
			isa = PBXContainerItemProxy;
			containerPortal = 9565E7922C16E65100B2BE25 /* Project object */;
			proxyType = 1;
			remoteGlobalIDString = 9565E7992C16E65100B2BE25;
			remoteInfo = "My Shop";
		};
		9565E7B52C16E65200B2BE25 /* PBXContainerItemProxy */ = {
			isa = PBXContainerItemProxy;
			containerPortal = 9565E7922C16E65100B2BE25 /* Project object */;
			proxyType = 1;
			remoteGlobalIDString = 9565E7992C16E65100B2BE25;
			remoteInfo = "My Shop";
		};
/* End PBXContainerItemProxy section */

/* Begin PBXFileReference section */
		9565E79A2C16E65100B2BE25 /* My Shop.app */ = {isa = PBXFileReference; explicitFileType = wrapper.application; includeInIndex = 0; path = "My Shop.app"; sourceTree = BUILT_PRODUCTS_DIR; };
		9565E79D2C16E65100B2BE25 /* MyShopApp.swift */ = {isa = PBXFileReference; lastKnownFileType = sourcecode.swift; path = MyShopApp.swift; sourceTree = "<group>"; };
		9565E79F2C16E65100B2BE25 /* ContentView.swift */ = {isa = PBXFileReference; lastKnownFileType = sourcecode.swift; path = ContentView.swift; sourceTree = "<group>"; };
		9565E7A12C16E65200B2BE25 /* Assets.xcassets */ = {isa = PBXFileReference; lastKnownFileType = folder.assetcatalog; path = Assets.xcassets; sourceTree = "<group>"; };
		9565E7A42C16E65200B2BE25 /* Preview Assets.xcassets */ = {isa = PBXFileReference; lastKnownFileType = folder.assetcatalog; path = "Preview Assets.xcassets"; sourceTree = "<group>"; };
		9565E7AA2C16E65200B2BE25 /* My ShopTests.xctest */ = {isa = PBXFileReference; explicitFileType = wrapper.cfbundle; includeInIndex = 0; path = "My ShopTests.xctest"; sourceTree = BUILT_PRODUCTS_DIR; };
		9565E7AE2C16E65200B2BE25 /* My_ShopTests.swift */ = {isa = PBXFileReference; lastKnownFileType = sourcecode.swift; path = My_ShopTests.swift; sourceTree = "<group>"; };
		9565E7B42C16E65200B2BE25 /* My ShopUITests.xctest */ = {isa = PBXFileReference; explicitFileType = wrapper.cfbundle; includeInIndex = 0; path = "My ShopUITests.xctest"; sourceTree = BUILT_PRODUCTS_DIR; };
		9565E7B82C16E65200B2BE25 /* My_ShopUITests.swift */ = {isa = PBXFileReference; lastKnownFileType = sourcecode.swift; path = My_ShopUITests.swift; sourceTree = "<group>"; };
		9565E7BA2C16E65200B2BE25 /* My_ShopUITestsLaunchTests.swift */ = {isa = PBXFileReference; lastKnownFileType = sourcecode.swift; path = My_ShopUITestsLaunchTests.swift; sourceTree = "<group>"; };
		9565E7C82C16E69700B2BE25 /* HomeView.swift */ = {isa = PBXFileReference; lastKnownFileType = sourcecode.swift; path = HomeView.swift; sourceTree = "<group>"; };
		9565E7CA2C16E6AA00B2BE25 /* CartView.swift */ = {isa = PBXFileReference; lastKnownFileType = sourcecode.swift; path = CartView.swift; sourceTree = "<group>"; };
		9565E7CC2C16E6B600B2BE25 /* AccountView.swift */ = {isa = PBXFileReference; lastKnownFileType = sourcecode.swift; path = AccountView.swift; sourceTree = "<group>"; };
		9565E7CF2C16F96B00B2BE25 /* Appetizer.swift */ = {isa = PBXFileReference; lastKnownFileType = sourcecode.swift; path = Appetizer.swift; sourceTree = "<group>"; };
		9565E7D32C1704D500B2BE25 /* ListItem.swift */ = {isa = PBXFileReference; lastKnownFileType = sourcecode.swift; path = ListItem.swift; sourceTree = "<group>"; };
		9565E7D72C170BC400B2BE25 /* ShopError.swift */ = {isa = PBXFileReference; lastKnownFileType = sourcecode.swift; path = ShopError.swift; sourceTree = "<group>"; };
		9565E7D92C170E5C00B2BE25 /* NetworkManager.swift */ = {isa = PBXFileReference; lastKnownFileType = sourcecode.swift; path = NetworkManager.swift; sourceTree = "<group>"; };
		9565E7DB2C1756C700B2BE25 /* HomeViewModel.swift */ = {isa = PBXFileReference; lastKnownFileType = sourcecode.swift; path = HomeViewModel.swift; sourceTree = "<group>"; };
		9565E7DD2C17586600B2BE25 /* Alert.swift */ = {isa = PBXFileReference; lastKnownFileType = sourcecode.swift; path = Alert.swift; sourceTree = "<group>"; };
		9565E7E02C175DA400B2BE25 /* ColorExtensions.swift */ = {isa = PBXFileReference; lastKnownFileType = sourcecode.swift; path = ColorExtensions.swift; sourceTree = "<group>"; };
		9565E7E92C176B8200B2BE25 /* DetailsView.swift */ = {isa = PBXFileReference; lastKnownFileType = sourcecode.swift; path = DetailsView.swift; sourceTree = "<group>"; };
		9565E7EB2C181C4700B2BE25 /* ShopImage.swift */ = {isa = PBXFileReference; lastKnownFileType = sourcecode.swift; path = ShopImage.swift; sourceTree = "<group>"; };
		9565E7ED2C181E6500B2BE25 /* ShopButton.swift */ = {isa = PBXFileReference; lastKnownFileType = sourcecode.swift; path = ShopButton.swift; sourceTree = "<group>"; };
		9565E7EF2C181F4700B2BE25 /* ShopCancelButton.swift */ = {isa = PBXFileReference; lastKnownFileType = sourcecode.swift; path = ShopCancelButton.swift; sourceTree = "<group>"; };
		9565E7F42C18297100B2BE25 /* ShopToggle.swift */ = {isa = PBXFileReference; lastKnownFileType = sourcecode.swift; path = ShopToggle.swift; sourceTree = "<group>"; };
		9565E7FD2C1850C900B2BE25 /* AccountViewModel.swift */ = {isa = PBXFileReference; lastKnownFileType = sourcecode.swift; path = AccountViewModel.swift; sourceTree = "<group>"; };
		9565E7FF2C1852D600B2BE25 /* StringExtensions.swift */ = {isa = PBXFileReference; lastKnownFileType = sourcecode.swift; path = StringExtensions.swift; sourceTree = "<group>"; };
		9565E8012C18554600B2BE25 /* User.swift */ = {isa = PBXFileReference; lastKnownFileType = sourcecode.swift; path = User.swift; sourceTree = "<group>"; };
		9565E8042C18690100B2BE25 /* NetworkMonitor.swift */ = {isa = PBXFileReference; lastKnownFileType = sourcecode.swift; path = NetworkMonitor.swift; sourceTree = "<group>"; };
		9565E8082C186AD400B2BE25 /* AsyncCachedImage.swift */ = {isa = PBXFileReference; lastKnownFileType = sourcecode.swift; path = AsyncCachedImage.swift; sourceTree = "<group>"; };
		9565E80B2C186D8500B2BE25 /* CircleLoader.swift */ = {isa = PBXFileReference; lastKnownFileType = sourcecode.swift; path = CircleLoader.swift; sourceTree = "<group>"; };
		9565E80D2C186DA200B2BE25 /* DotLoader.swift */ = {isa = PBXFileReference; lastKnownFileType = sourcecode.swift; path = DotLoader.swift; sourceTree = "<group>"; };
		9565E80F2C186DBD00B2BE25 /* BounceLoader.swift */ = {isa = PBXFileReference; lastKnownFileType = sourcecode.swift; path = BounceLoader.swift; sourceTree = "<group>"; };
		9565E8112C1871FE00B2BE25 /* Localizable.xcstrings */ = {isa = PBXFileReference; lastKnownFileType = text.json.xcstrings; path = Localizable.xcstrings; sourceTree = "<group>"; };
		9565E8152C1895F200B2BE25 /* LanguageSetting.swift */ = {isa = PBXFileReference; lastKnownFileType = sourcecode.swift; path = LanguageSetting.swift; sourceTree = "<group>"; };
		9565E8172C18B1DB00B2BE25 /* CartViewModel.swift */ = {isa = PBXFileReference; lastKnownFileType = sourcecode.swift; path = CartViewModel.swift; sourceTree = "<group>"; };
		9565E8192C18BE4A00B2BE25 /* EmptyCartView.swift */ = {isa = PBXFileReference; lastKnownFileType = sourcecode.swift; path = EmptyCartView.swift; sourceTree = "<group>"; };
		9565E81C2C18C36200B2BE25 /* OrderView.swift */ = {isa = PBXFileReference; lastKnownFileType = sourcecode.swift; path = OrderView.swift; sourceTree = "<group>"; };
		9565E81E2C18C38300B2BE25 /* OrderViewModel.swift */ = {isa = PBXFileReference; lastKnownFileType = sourcecode.swift; path = OrderViewModel.swift; sourceTree = "<group>"; };
		95EFC71D2C19F9C300BAEC57 /* DateExtensions.swift */ = {isa = PBXFileReference; lastKnownFileType = sourcecode.swift; path = DateExtensions.swift; sourceTree = "<group>"; };
		95EFC7202C19FE7C00BAEC57 /* CoreDataViewModel.swift */ = {isa = PBXFileReference; lastKnownFileType = sourcecode.swift; path = CoreDataViewModel.swift; sourceTree = "<group>"; };
		95EFC7242C19FF0200BAEC57 /* CartContainer.xcdatamodel */ = {isa = PBXFileReference; lastKnownFileType = wrapper.xcdatamodel; path = CartContainer.xcdatamodel; sourceTree = "<group>"; };
		95EFC7292C1A1E0E00BAEC57 /* CoreDataModel.swift */ = {isa = PBXFileReference; lastKnownFileType = sourcecode.swift; path = CoreDataModel.swift; sourceTree = "<group>"; };
/* End PBXFileReference section */

/* Begin PBXFrameworksBuildPhase section */
		9565E7972C16E65100B2BE25 /* Frameworks */ = {
			isa = PBXFrameworksBuildPhase;
			buildActionMask = 2147483647;
			files = (
			);
			runOnlyForDeploymentPostprocessing = 0;
		};
		9565E7A72C16E65200B2BE25 /* Frameworks */ = {
			isa = PBXFrameworksBuildPhase;
			buildActionMask = 2147483647;
			files = (
			);
			runOnlyForDeploymentPostprocessing = 0;
		};
		9565E7B12C16E65200B2BE25 /* Frameworks */ = {
			isa = PBXFrameworksBuildPhase;
			buildActionMask = 2147483647;
			files = (
			);
			runOnlyForDeploymentPostprocessing = 0;
		};
/* End PBXFrameworksBuildPhase section */

/* Begin PBXGroup section */
		9565E7912C16E65100B2BE25 = {
			isa = PBXGroup;
			children = (
				9565E8112C1871FE00B2BE25 /* Localizable.xcstrings */,
				9565E79C2C16E65100B2BE25 /* My Shop */,
				9565E7AD2C16E65200B2BE25 /* My ShopTests */,
				9565E7B72C16E65200B2BE25 /* My ShopUITests */,
				9565E79B2C16E65100B2BE25 /* Products */,
			);
			sourceTree = "<group>";
		};
		9565E79B2C16E65100B2BE25 /* Products */ = {
			isa = PBXGroup;
			children = (
				9565E79A2C16E65100B2BE25 /* My Shop.app */,
				9565E7AA2C16E65200B2BE25 /* My ShopTests.xctest */,
				9565E7B42C16E65200B2BE25 /* My ShopUITests.xctest */,
			);
			name = Products;
			sourceTree = "<group>";
		};
		9565E79C2C16E65100B2BE25 /* My Shop */ = {
			isa = PBXGroup;
			children = (
				9565E7E82C176AF100B2BE25 /* Views */,
				9565E7D52C170BB100B2BE25 /* Utils */,
				9565E7CE2C16F90A00B2BE25 /* Models */,
				9565E7C72C16E67D00B2BE25 /* Screen */,
				9565E79D2C16E65100B2BE25 /* MyShopApp.swift */,
				9565E7A12C16E65200B2BE25 /* Assets.xcassets */,
				9565E7A32C16E65200B2BE25 /* Preview Content */,
			);
			path = "My Shop";
			sourceTree = "<group>";
		};
		9565E7A32C16E65200B2BE25 /* Preview Content */ = {
			isa = PBXGroup;
			children = (
				9565E7A42C16E65200B2BE25 /* Preview Assets.xcassets */,
			);
			path = "Preview Content";
			sourceTree = "<group>";
		};
		9565E7AD2C16E65200B2BE25 /* My ShopTests */ = {
			isa = PBXGroup;
			children = (
				9565E7AE2C16E65200B2BE25 /* My_ShopTests.swift */,
			);
			path = "My ShopTests";
			sourceTree = "<group>";
		};
		9565E7B72C16E65200B2BE25 /* My ShopUITests */ = {
			isa = PBXGroup;
			children = (
				9565E7B82C16E65200B2BE25 /* My_ShopUITests.swift */,
				9565E7BA2C16E65200B2BE25 /* My_ShopUITestsLaunchTests.swift */,
			);
			path = "My ShopUITests";
			sourceTree = "<group>";
		};
		9565E7C72C16E67D00B2BE25 /* Screen */ = {
			isa = PBXGroup;
			children = (
				95EFC7222C19FEE000BAEC57 /* CoreData */,
				95EFC71F2C19FE4500BAEC57 /* Main */,
				9565E81B2C18C2F100B2BE25 /* Cart */,
				9565E7E72C17685A00B2BE25 /* Account */,
				9565E7E62C17684A00B2BE25 /* Order */,
				9565E7D12C1704A200B2BE25 /* Home */,
			);
			path = Screen;
			sourceTree = "<group>";
		};
		9565E7CE2C16F90A00B2BE25 /* Models */ = {
			isa = PBXGroup;
			children = (
				9565E7CF2C16F96B00B2BE25 /* Appetizer.swift */,
				9565E8012C18554600B2BE25 /* User.swift */,
				95EFC7292C1A1E0E00BAEC57 /* CoreDataModel.swift */,
			);
			path = Models;
			sourceTree = "<group>";
		};
		9565E7D12C1704A200B2BE25 /* Home */ = {
			isa = PBXGroup;
			children = (
				9565E7C82C16E69700B2BE25 /* HomeView.swift */,
				9565E7DB2C1756C700B2BE25 /* HomeViewModel.swift */,
				9565E7E92C176B8200B2BE25 /* DetailsView.swift */,
			);
			path = Home;
			sourceTree = "<group>";
		};
		9565E7D52C170BB100B2BE25 /* Utils */ = {
			isa = PBXGroup;
			children = (
				9565E8142C1895DE00B2BE25 /* Language */,
				9565E8032C1868F900B2BE25 /* Network */,
				9565E7E52C17683300B2BE25 /* Manager */,
				9565E7E42C17682400B2BE25 /* Error */,
				9565E7DF2C175D8E00B2BE25 /* Extensions */,
			);
			path = Utils;
			sourceTree = "<group>";
		};
		9565E7DF2C175D8E00B2BE25 /* Extensions */ = {
			isa = PBXGroup;
			children = (
				9565E7E02C175DA400B2BE25 /* ColorExtensions.swift */,
				9565E7FF2C1852D600B2BE25 /* StringExtensions.swift */,
				95EFC71D2C19F9C300BAEC57 /* DateExtensions.swift */,
			);
			path = Extensions;
			sourceTree = "<group>";
		};
		9565E7E42C17682400B2BE25 /* Error */ = {
			isa = PBXGroup;
			children = (
				9565E7D72C170BC400B2BE25 /* ShopError.swift */,
				9565E7DD2C17586600B2BE25 /* Alert.swift */,
			);
			path = Error;
			sourceTree = "<group>";
		};
		9565E7E52C17683300B2BE25 /* Manager */ = {
			isa = PBXGroup;
			children = (
				9565E7D92C170E5C00B2BE25 /* NetworkManager.swift */,
			);
			path = Manager;
			sourceTree = "<group>";
		};
		9565E7E62C17684A00B2BE25 /* Order */ = {
			isa = PBXGroup;
			children = (
				9565E81C2C18C36200B2BE25 /* OrderView.swift */,
				9565E81E2C18C38300B2BE25 /* OrderViewModel.swift */,
			);
			path = Order;
			sourceTree = "<group>";
		};
		9565E7E72C17685A00B2BE25 /* Account */ = {
			isa = PBXGroup;
			children = (
				9565E7CC2C16E6B600B2BE25 /* AccountView.swift */,
				9565E7FD2C1850C900B2BE25 /* AccountViewModel.swift */,
			);
			path = Account;
			sourceTree = "<group>";
		};
		9565E7E82C176AF100B2BE25 /* Views */ = {
			isa = PBXGroup;
			children = (
				9565E80A2C186D7800B2BE25 /* Loader */,
				9565E7F32C18296500B2BE25 /* Toggle */,
				9565E7F22C181FAF00B2BE25 /* Image */,
				9565E7F12C181FA400B2BE25 /* Button */,
				9565E7D32C1704D500B2BE25 /* ListItem.swift */,
				9565E8192C18BE4A00B2BE25 /* EmptyCartView.swift */,
			);
			path = Views;
			sourceTree = "<group>";
		};
		9565E7F12C181FA400B2BE25 /* Button */ = {
			isa = PBXGroup;
			children = (
				9565E7ED2C181E6500B2BE25 /* ShopButton.swift */,
				9565E7EF2C181F4700B2BE25 /* ShopCancelButton.swift */,
			);
			path = Button;
			sourceTree = "<group>";
		};
		9565E7F22C181FAF00B2BE25 /* Image */ = {
			isa = PBXGroup;
			children = (
				9565E8082C186AD400B2BE25 /* AsyncCachedImage.swift */,
				9565E7EB2C181C4700B2BE25 /* ShopImage.swift */,
			);
			path = Image;
			sourceTree = "<group>";
		};
		9565E7F32C18296500B2BE25 /* Toggle */ = {
			isa = PBXGroup;
			children = (
				9565E7F42C18297100B2BE25 /* ShopToggle.swift */,
			);
			path = Toggle;
			sourceTree = "<group>";
		};
		9565E8032C1868F900B2BE25 /* Network */ = {
			isa = PBXGroup;
			children = (
				9565E8042C18690100B2BE25 /* NetworkMonitor.swift */,
			);
			path = Network;
			sourceTree = "<group>";
		};
		9565E80A2C186D7800B2BE25 /* Loader */ = {
			isa = PBXGroup;
			children = (
				9565E80B2C186D8500B2BE25 /* CircleLoader.swift */,
				9565E80D2C186DA200B2BE25 /* DotLoader.swift */,
				9565E80F2C186DBD00B2BE25 /* BounceLoader.swift */,
			);
			path = Loader;
			sourceTree = "<group>";
		};
		9565E8142C1895DE00B2BE25 /* Language */ = {
			isa = PBXGroup;
			children = (
				9565E8152C1895F200B2BE25 /* LanguageSetting.swift */,
			);
			path = Language;
			sourceTree = "<group>";
		};
		9565E81B2C18C2F100B2BE25 /* Cart */ = {
			isa = PBXGroup;
			children = (
				9565E7CA2C16E6AA00B2BE25 /* CartView.swift */,
				9565E8172C18B1DB00B2BE25 /* CartViewModel.swift */,
			);
			path = Cart;
			sourceTree = "<group>";
		};
		95EFC71F2C19FE4500BAEC57 /* Main */ = {
			isa = PBXGroup;
			children = (
				9565E79F2C16E65100B2BE25 /* ContentView.swift */,
			);
			path = Main;
			sourceTree = "<group>";
		};
		95EFC7222C19FEE000BAEC57 /* CoreData */ = {
			isa = PBXGroup;
			children = (
				95EFC7202C19FE7C00BAEC57 /* CoreDataViewModel.swift */,
				95EFC7232C19FF0200BAEC57 /* ShopContainer.xcdatamodeld */,
			);
			path = CoreData;
			sourceTree = "<group>";
		};
/* End PBXGroup section */

/* Begin PBXNativeTarget section */
		9565E7992C16E65100B2BE25 /* My Shop */ = {
			isa = PBXNativeTarget;
			buildConfigurationList = 9565E7BE2C16E65200B2BE25 /* Build configuration list for PBXNativeTarget "My Shop" */;
			buildPhases = (
				9565E7962C16E65100B2BE25 /* Sources */,
				9565E7972C16E65100B2BE25 /* Frameworks */,
				9565E7982C16E65100B2BE25 /* Resources */,
			);
			buildRules = (
			);
			dependencies = (
			);
			name = "My Shop";
			productName = "My Shop";
			productReference = 9565E79A2C16E65100B2BE25 /* My Shop.app */;
			productType = "com.apple.product-type.application";
		};
		9565E7A92C16E65200B2BE25 /* My ShopTests */ = {
			isa = PBXNativeTarget;
			buildConfigurationList = 9565E7C12C16E65200B2BE25 /* Build configuration list for PBXNativeTarget "My ShopTests" */;
			buildPhases = (
				9565E7A62C16E65200B2BE25 /* Sources */,
				9565E7A72C16E65200B2BE25 /* Frameworks */,
				9565E7A82C16E65200B2BE25 /* Resources */,
			);
			buildRules = (
			);
			dependencies = (
				9565E7AC2C16E65200B2BE25 /* PBXTargetDependency */,
			);
			name = "My ShopTests";
			productName = "My ShopTests";
			productReference = 9565E7AA2C16E65200B2BE25 /* My ShopTests.xctest */;
			productType = "com.apple.product-type.bundle.unit-test";
		};
		9565E7B32C16E65200B2BE25 /* My ShopUITests */ = {
			isa = PBXNativeTarget;
			buildConfigurationList = 9565E7C42C16E65200B2BE25 /* Build configuration list for PBXNativeTarget "My ShopUITests" */;
			buildPhases = (
				9565E7B02C16E65200B2BE25 /* Sources */,
				9565E7B12C16E65200B2BE25 /* Frameworks */,
				9565E7B22C16E65200B2BE25 /* Resources */,
			);
			buildRules = (
			);
			dependencies = (
				9565E7B62C16E65200B2BE25 /* PBXTargetDependency */,
			);
			name = "My ShopUITests";
			productName = "My ShopUITests";
			productReference = 9565E7B42C16E65200B2BE25 /* My ShopUITests.xctest */;
			productType = "com.apple.product-type.bundle.ui-testing";
		};
/* End PBXNativeTarget section */

/* Begin PBXProject section */
		9565E7922C16E65100B2BE25 /* Project object */ = {
			isa = PBXProject;
			attributes = {
				BuildIndependentTargetsInParallel = 1;
				LastSwiftUpdateCheck = 1540;
				LastUpgradeCheck = 1540;
				TargetAttributes = {
					9565E7992C16E65100B2BE25 = {
						CreatedOnToolsVersion = 15.4;
					};
					9565E7A92C16E65200B2BE25 = {
						CreatedOnToolsVersion = 15.4;
						TestTargetID = 9565E7992C16E65100B2BE25;
					};
					9565E7B32C16E65200B2BE25 = {
						CreatedOnToolsVersion = 15.4;
						TestTargetID = 9565E7992C16E65100B2BE25;
					};
				};
			};
			buildConfigurationList = 9565E7952C16E65100B2BE25 /* Build configuration list for PBXProject "My Shop" */;
			compatibilityVersion = "Xcode 14.0";
			developmentRegion = "bn-BD";
			hasScannedForEncodings = 0;
			knownRegions = (
				en,
				Base,
				"bn-BD",
			);
			mainGroup = 9565E7912C16E65100B2BE25;
			productRefGroup = 9565E79B2C16E65100B2BE25 /* Products */;
			projectDirPath = "";
			projectRoot = "";
			targets = (
				9565E7992C16E65100B2BE25 /* My Shop */,
				9565E7A92C16E65200B2BE25 /* My ShopTests */,
				9565E7B32C16E65200B2BE25 /* My ShopUITests */,
			);
		};
/* End PBXProject section */

/* Begin PBXResourcesBuildPhase section */
		9565E7982C16E65100B2BE25 /* Resources */ = {
			isa = PBXResourcesBuildPhase;
			buildActionMask = 2147483647;
			files = (
				9565E7A52C16E65200B2BE25 /* Preview Assets.xcassets in Resources */,
				9565E7A22C16E65200B2BE25 /* Assets.xcassets in Resources */,
				9565E8122C1871FE00B2BE25 /* Localizable.xcstrings in Resources */,
			);
			runOnlyForDeploymentPostprocessing = 0;
		};
		9565E7A82C16E65200B2BE25 /* Resources */ = {
			isa = PBXResourcesBuildPhase;
			buildActionMask = 2147483647;
			files = (
			);
			runOnlyForDeploymentPostprocessing = 0;
		};
		9565E7B22C16E65200B2BE25 /* Resources */ = {
			isa = PBXResourcesBuildPhase;
			buildActionMask = 2147483647;
			files = (
			);
			runOnlyForDeploymentPostprocessing = 0;
		};
/* End PBXResourcesBuildPhase section */

/* Begin PBXSourcesBuildPhase section */
		9565E7962C16E65100B2BE25 /* Sources */ = {
			isa = PBXSourcesBuildPhase;
			buildActionMask = 2147483647;
			files = (
				9565E7EC2C181C4700B2BE25 /* ShopImage.swift in Sources */,
				95EFC7212C19FE7C00BAEC57 /* CoreDataViewModel.swift in Sources */,
				9565E8092C186AD400B2BE25 /* AsyncCachedImage.swift in Sources */,
				9565E7F02C181F4700B2BE25 /* ShopCancelButton.swift in Sources */,
				95EFC7252C19FF0200BAEC57 /* ShopContainer.xcdatamodeld in Sources */,
				95EFC71E2C19F9C300BAEC57 /* DateExtensions.swift in Sources */,
				9565E7EE2C181E6500B2BE25 /* ShopButton.swift in Sources */,
				9565E80E2C186DA200B2BE25 /* DotLoader.swift in Sources */,
				9565E81D2C18C36300B2BE25 /* OrderView.swift in Sources */,
				9565E8002C1852D600B2BE25 /* StringExtensions.swift in Sources */,
				9565E7DA2C170E5C00B2BE25 /* NetworkManager.swift in Sources */,
				9565E7D82C170BC400B2BE25 /* ShopError.swift in Sources */,
				9565E80C2C186D8500B2BE25 /* CircleLoader.swift in Sources */,
				9565E7D02C16F96B00B2BE25 /* Appetizer.swift in Sources */,
				9565E8162C1895F200B2BE25 /* LanguageSetting.swift in Sources */,
				9565E7FE2C1850C900B2BE25 /* AccountViewModel.swift in Sources */,
				9565E8182C18B1DB00B2BE25 /* CartViewModel.swift in Sources */,
				95EFC72A2C1A1E0E00BAEC57 /* CoreDataModel.swift in Sources */,
				9565E7DC2C1756C700B2BE25 /* HomeViewModel.swift in Sources */,
				9565E7D42C1704D500B2BE25 /* ListItem.swift in Sources */,
				9565E8022C18554600B2BE25 /* User.swift in Sources */,
				9565E7CD2C16E6B600B2BE25 /* AccountView.swift in Sources */,
				9565E7EA2C176B8200B2BE25 /* DetailsView.swift in Sources */,
				9565E8102C186DBD00B2BE25 /* BounceLoader.swift in Sources */,
				9565E7F52C18297100B2BE25 /* ShopToggle.swift in Sources */,
				9565E7A02C16E65100B2BE25 /* ContentView.swift in Sources */,
				9565E7C92C16E69700B2BE25 /* HomeView.swift in Sources */,
				9565E81A2C18BE4B00B2BE25 /* EmptyCartView.swift in Sources */,
				9565E7DE2C17586600B2BE25 /* Alert.swift in Sources */,
				9565E7CB2C16E6AA00B2BE25 /* CartView.swift in Sources */,
				9565E79E2C16E65100B2BE25 /* MyShopApp.swift in Sources */,
				9565E81F2C18C38300B2BE25 /* OrderViewModel.swift in Sources */,
				9565E7E12C175DA400B2BE25 /* ColorExtensions.swift in Sources */,
				9565E8052C18690100B2BE25 /* NetworkMonitor.swift in Sources */,
			);
			runOnlyForDeploymentPostprocessing = 0;
		};
		9565E7A62C16E65200B2BE25 /* Sources */ = {
			isa = PBXSourcesBuildPhase;
			buildActionMask = 2147483647;
			files = (
				9565E7AF2C16E65200B2BE25 /* My_ShopTests.swift in Sources */,
			);
			runOnlyForDeploymentPostprocessing = 0;
		};
		9565E7B02C16E65200B2BE25 /* Sources */ = {
			isa = PBXSourcesBuildPhase;
			buildActionMask = 2147483647;
			files = (
				9565E7BB2C16E65200B2BE25 /* My_ShopUITestsLaunchTests.swift in Sources */,
				9565E7B92C16E65200B2BE25 /* My_ShopUITests.swift in Sources */,
			);
			runOnlyForDeploymentPostprocessing = 0;
		};
/* End PBXSourcesBuildPhase section */

/* Begin PBXTargetDependency section */
		9565E7AC2C16E65200B2BE25 /* PBXTargetDependency */ = {
			isa = PBXTargetDependency;
			target = 9565E7992C16E65100B2BE25 /* My Shop */;
			targetProxy = 9565E7AB2C16E65200B2BE25 /* PBXContainerItemProxy */;
		};
		9565E7B62C16E65200B2BE25 /* PBXTargetDependency */ = {
			isa = PBXTargetDependency;
			target = 9565E7992C16E65100B2BE25 /* My Shop */;
			targetProxy = 9565E7B52C16E65200B2BE25 /* PBXContainerItemProxy */;
		};
/* End PBXTargetDependency section */

/* Begin XCBuildConfiguration section */
		9565E7BC2C16E65200B2BE25 /* Debug */ = {
			isa = XCBuildConfiguration;
			buildSettings = {
				ALWAYS_SEARCH_USER_PATHS = NO;
				ASSETCATALOG_COMPILER_GENERATE_SWIFT_ASSET_SYMBOL_EXTENSIONS = YES;
				CLANG_ANALYZER_NONNULL = YES;
				CLANG_ANALYZER_NUMBER_OBJECT_CONVERSION = YES_AGGRESSIVE;
				CLANG_CXX_LANGUAGE_STANDARD = "gnu++20";
				CLANG_ENABLE_MODULES = YES;
				CLANG_ENABLE_OBJC_ARC = YES;
				CLANG_ENABLE_OBJC_WEAK = YES;
				CLANG_WARN_BLOCK_CAPTURE_AUTORELEASING = YES;
				CLANG_WARN_BOOL_CONVERSION = YES;
				CLANG_WARN_COMMA = YES;
				CLANG_WARN_CONSTANT_CONVERSION = YES;
				CLANG_WARN_DEPRECATED_OBJC_IMPLEMENTATIONS = YES;
				CLANG_WARN_DIRECT_OBJC_ISA_USAGE = YES_ERROR;
				CLANG_WARN_DOCUMENTATION_COMMENTS = YES;
				CLANG_WARN_EMPTY_BODY = YES;
				CLANG_WARN_ENUM_CONVERSION = YES;
				CLANG_WARN_INFINITE_RECURSION = YES;
				CLANG_WARN_INT_CONVERSION = YES;
				CLANG_WARN_NON_LITERAL_NULL_CONVERSION = YES;
				CLANG_WARN_OBJC_IMPLICIT_RETAIN_SELF = YES;
				CLANG_WARN_OBJC_LITERAL_CONVERSION = YES;
				CLANG_WARN_OBJC_ROOT_CLASS = YES_ERROR;
				CLANG_WARN_QUOTED_INCLUDE_IN_FRAMEWORK_HEADER = YES;
				CLANG_WARN_RANGE_LOOP_ANALYSIS = YES;
				CLANG_WARN_STRICT_PROTOTYPES = YES;
				CLANG_WARN_SUSPICIOUS_MOVE = YES;
				CLANG_WARN_UNGUARDED_AVAILABILITY = YES_AGGRESSIVE;
				CLANG_WARN_UNREACHABLE_CODE = YES;
				CLANG_WARN__DUPLICATE_METHOD_MATCH = YES;
				COPY_PHASE_STRIP = NO;
				DEBUG_INFORMATION_FORMAT = dwarf;
				ENABLE_STRICT_OBJC_MSGSEND = YES;
				ENABLE_TESTABILITY = YES;
				ENABLE_USER_SCRIPT_SANDBOXING = YES;
				GCC_C_LANGUAGE_STANDARD = gnu17;
				GCC_DYNAMIC_NO_PIC = NO;
				GCC_NO_COMMON_BLOCKS = YES;
				GCC_OPTIMIZATION_LEVEL = 0;
				GCC_PREPROCESSOR_DEFINITIONS = (
					"DEBUG=1",
					"$(inherited)",
				);
				GCC_WARN_64_TO_32_BIT_CONVERSION = YES;
				GCC_WARN_ABOUT_RETURN_TYPE = YES_ERROR;
				GCC_WARN_UNDECLARED_SELECTOR = YES;
				GCC_WARN_UNINITIALIZED_AUTOS = YES_AGGRESSIVE;
				GCC_WARN_UNUSED_FUNCTION = YES;
				GCC_WARN_UNUSED_VARIABLE = YES;
				IPHONEOS_DEPLOYMENT_TARGET = 17.0;
				LOCALIZATION_PREFERS_STRING_CATALOGS = YES;
				MTL_ENABLE_DEBUG_INFO = INCLUDE_SOURCE;
				MTL_FAST_MATH = YES;
				ONLY_ACTIVE_ARCH = YES;
				SDKROOT = iphoneos;
				SWIFT_ACTIVE_COMPILATION_CONDITIONS = "DEBUG $(inherited)";
				SWIFT_OPTIMIZATION_LEVEL = "-Onone";
			};
			name = Debug;
		};
		9565E7BD2C16E65200B2BE25 /* Release */ = {
			isa = XCBuildConfiguration;
			buildSettings = {
				ALWAYS_SEARCH_USER_PATHS = NO;
				ASSETCATALOG_COMPILER_GENERATE_SWIFT_ASSET_SYMBOL_EXTENSIONS = YES;
				CLANG_ANALYZER_NONNULL = YES;
				CLANG_ANALYZER_NUMBER_OBJECT_CONVERSION = YES_AGGRESSIVE;
				CLANG_CXX_LANGUAGE_STANDARD = "gnu++20";
				CLANG_ENABLE_MODULES = YES;
				CLANG_ENABLE_OBJC_ARC = YES;
				CLANG_ENABLE_OBJC_WEAK = YES;
				CLANG_WARN_BLOCK_CAPTURE_AUTORELEASING = YES;
				CLANG_WARN_BOOL_CONVERSION = YES;
				CLANG_WARN_COMMA = YES;
				CLANG_WARN_CONSTANT_CONVERSION = YES;
				CLANG_WARN_DEPRECATED_OBJC_IMPLEMENTATIONS = YES;
				CLANG_WARN_DIRECT_OBJC_ISA_USAGE = YES_ERROR;
				CLANG_WARN_DOCUMENTATION_COMMENTS = YES;
				CLANG_WARN_EMPTY_BODY = YES;
				CLANG_WARN_ENUM_CONVERSION = YES;
				CLANG_WARN_INFINITE_RECURSION = YES;
				CLANG_WARN_INT_CONVERSION = YES;
				CLANG_WARN_NON_LITERAL_NULL_CONVERSION = YES;
				CLANG_WARN_OBJC_IMPLICIT_RETAIN_SELF = YES;
				CLANG_WARN_OBJC_LITERAL_CONVERSION = YES;
				CLANG_WARN_OBJC_ROOT_CLASS = YES_ERROR;
				CLANG_WARN_QUOTED_INCLUDE_IN_FRAMEWORK_HEADER = YES;
				CLANG_WARN_RANGE_LOOP_ANALYSIS = YES;
				CLANG_WARN_STRICT_PROTOTYPES = YES;
				CLANG_WARN_SUSPICIOUS_MOVE = YES;
				CLANG_WARN_UNGUARDED_AVAILABILITY = YES_AGGRESSIVE;
				CLANG_WARN_UNREACHABLE_CODE = YES;
				CLANG_WARN__DUPLICATE_METHOD_MATCH = YES;
				COPY_PHASE_STRIP = NO;
				DEBUG_INFORMATION_FORMAT = "dwarf-with-dsym";
				ENABLE_NS_ASSERTIONS = NO;
				ENABLE_STRICT_OBJC_MSGSEND = YES;
				ENABLE_USER_SCRIPT_SANDBOXING = YES;
				GCC_C_LANGUAGE_STANDARD = gnu17;
				GCC_NO_COMMON_BLOCKS = YES;
				GCC_WARN_64_TO_32_BIT_CONVERSION = YES;
				GCC_WARN_ABOUT_RETURN_TYPE = YES_ERROR;
				GCC_WARN_UNDECLARED_SELECTOR = YES;
				GCC_WARN_UNINITIALIZED_AUTOS = YES_AGGRESSIVE;
				GCC_WARN_UNUSED_FUNCTION = YES;
				GCC_WARN_UNUSED_VARIABLE = YES;
				IPHONEOS_DEPLOYMENT_TARGET = 17.0;
				LOCALIZATION_PREFERS_STRING_CATALOGS = YES;
				MTL_ENABLE_DEBUG_INFO = NO;
				MTL_FAST_MATH = YES;
				SDKROOT = iphoneos;
				SWIFT_COMPILATION_MODE = wholemodule;
				VALIDATE_PRODUCT = YES;
			};
			name = Release;
		};
		9565E7BF2C16E65200B2BE25 /* Debug */ = {
			isa = XCBuildConfiguration;
			buildSettings = {
				ASSETCATALOG_COMPILER_APPICON_NAME = AppIcon;
				ASSETCATALOG_COMPILER_GLOBAL_ACCENT_COLOR_NAME = AccentColor;
				CODE_SIGN_STYLE = Automatic;
				CURRENT_PROJECT_VERSION = 1;
				DEVELOPMENT_ASSET_PATHS = "\"My Shop/Preview Content\"";
				DEVELOPMENT_TEAM = 8HGLQ349Q9;
				ENABLE_PREVIEWS = YES;
				GENERATE_INFOPLIST_FILE = YES;
				INFOPLIST_KEY_LSApplicationCategoryType = "public.app-category.shopping";
				INFOPLIST_KEY_UIApplicationSceneManifest_Generation = YES;
				INFOPLIST_KEY_UIApplicationSupportsIndirectInputEvents = YES;
				INFOPLIST_KEY_UILaunchScreen_Generation = YES;
				INFOPLIST_KEY_UIRequiresFullScreen = YES;
				INFOPLIST_KEY_UIStatusBarHidden = YES;
				INFOPLIST_KEY_UIStatusBarStyle = "";
				INFOPLIST_KEY_UISupportedInterfaceOrientations = UIInterfaceOrientationPortrait;
				IPHONEOS_DEPLOYMENT_TARGET = 17.0;
				LD_RUNPATH_SEARCH_PATHS = (
					"$(inherited)",
					"@executable_path/Frameworks",
				);
				MARKETING_VERSION = 1.0;
				PRODUCT_BUNDLE_IDENTIFIER = "com.amanullah.My-Shop";
				PRODUCT_NAME = "$(TARGET_NAME)";
				SWIFT_EMIT_LOC_STRINGS = YES;
				SWIFT_VERSION = 5.0;
				TARGETED_DEVICE_FAMILY = "1,2";
			};
			name = Debug;
		};
		9565E7C02C16E65200B2BE25 /* Release */ = {
			isa = XCBuildConfiguration;
			buildSettings = {
				ASSETCATALOG_COMPILER_APPICON_NAME = AppIcon;
				ASSETCATALOG_COMPILER_GLOBAL_ACCENT_COLOR_NAME = AccentColor;
				CODE_SIGN_STYLE = Automatic;
				CURRENT_PROJECT_VERSION = 1;
				DEVELOPMENT_ASSET_PATHS = "\"My Shop/Preview Content\"";
				DEVELOPMENT_TEAM = 8HGLQ349Q9;
				ENABLE_PREVIEWS = YES;
				GENERATE_INFOPLIST_FILE = YES;
				INFOPLIST_KEY_LSApplicationCategoryType = "public.app-category.shopping";
				INFOPLIST_KEY_UIApplicationSceneManifest_Generation = YES;
				INFOPLIST_KEY_UIApplicationSupportsIndirectInputEvents = YES;
				INFOPLIST_KEY_UILaunchScreen_Generation = YES;
				INFOPLIST_KEY_UIRequiresFullScreen = YES;
				INFOPLIST_KEY_UIStatusBarHidden = YES;
				INFOPLIST_KEY_UIStatusBarStyle = "";
				INFOPLIST_KEY_UISupportedInterfaceOrientations = UIInterfaceOrientationPortrait;
				IPHONEOS_DEPLOYMENT_TARGET = 17.0;
				LD_RUNPATH_SEARCH_PATHS = (
					"$(inherited)",
					"@executable_path/Frameworks",
				);
				MARKETING_VERSION = 1.0;
				PRODUCT_BUNDLE_IDENTIFIER = "com.amanullah.My-Shop";
				PRODUCT_NAME = "$(TARGET_NAME)";
				SWIFT_EMIT_LOC_STRINGS = YES;
				SWIFT_VERSION = 5.0;
				TARGETED_DEVICE_FAMILY = "1,2";
			};
			name = Release;
		};
		9565E7C22C16E65200B2BE25 /* Debug */ = {
			isa = XCBuildConfiguration;
			buildSettings = {
				ALWAYS_EMBED_SWIFT_STANDARD_LIBRARIES = YES;
				BUNDLE_LOADER = "$(TEST_HOST)";
				CODE_SIGN_STYLE = Automatic;
				CURRENT_PROJECT_VERSION = 1;
				DEVELOPMENT_TEAM = 8HGLQ349Q9;
				GENERATE_INFOPLIST_FILE = YES;
				IPHONEOS_DEPLOYMENT_TARGET = 17.5;
				MARKETING_VERSION = 1.0;
				PRODUCT_BUNDLE_IDENTIFIER = "com.amanullah.My-ShopTests";
				PRODUCT_NAME = "$(TARGET_NAME)";
				SWIFT_EMIT_LOC_STRINGS = NO;
				SWIFT_VERSION = 5.0;
				TARGETED_DEVICE_FAMILY = "1,2";
				TEST_HOST = "$(BUILT_PRODUCTS_DIR)/My Shop.app/$(BUNDLE_EXECUTABLE_FOLDER_PATH)/My Shop";
			};
			name = Debug;
		};
		9565E7C32C16E65200B2BE25 /* Release */ = {
			isa = XCBuildConfiguration;
			buildSettings = {
				ALWAYS_EMBED_SWIFT_STANDARD_LIBRARIES = YES;
				BUNDLE_LOADER = "$(TEST_HOST)";
				CODE_SIGN_STYLE = Automatic;
				CURRENT_PROJECT_VERSION = 1;
				DEVELOPMENT_TEAM = 8HGLQ349Q9;
				GENERATE_INFOPLIST_FILE = YES;
				IPHONEOS_DEPLOYMENT_TARGET = 17.5;
				MARKETING_VERSION = 1.0;
				PRODUCT_BUNDLE_IDENTIFIER = "com.amanullah.My-ShopTests";
				PRODUCT_NAME = "$(TARGET_NAME)";
				SWIFT_EMIT_LOC_STRINGS = NO;
				SWIFT_VERSION = 5.0;
				TARGETED_DEVICE_FAMILY = "1,2";
				TEST_HOST = "$(BUILT_PRODUCTS_DIR)/My Shop.app/$(BUNDLE_EXECUTABLE_FOLDER_PATH)/My Shop";
			};
			name = Release;
		};
		9565E7C52C16E65200B2BE25 /* Debug */ = {
			isa = XCBuildConfiguration;
			buildSettings = {
				ALWAYS_EMBED_SWIFT_STANDARD_LIBRARIES = YES;
				CODE_SIGN_STYLE = Automatic;
				CURRENT_PROJECT_VERSION = 1;
				DEVELOPMENT_TEAM = 8HGLQ349Q9;
				GENERATE_INFOPLIST_FILE = YES;
				MARKETING_VERSION = 1.0;
				PRODUCT_BUNDLE_IDENTIFIER = "com.amanullah.My-ShopUITests";
				PRODUCT_NAME = "$(TARGET_NAME)";
				SWIFT_EMIT_LOC_STRINGS = NO;
				SWIFT_VERSION = 5.0;
				TARGETED_DEVICE_FAMILY = "1,2";
				TEST_TARGET_NAME = "My Shop";
			};
			name = Debug;
		};
		9565E7C62C16E65200B2BE25 /* Release */ = {
			isa = XCBuildConfiguration;
			buildSettings = {
				ALWAYS_EMBED_SWIFT_STANDARD_LIBRARIES = YES;
				CODE_SIGN_STYLE = Automatic;
				CURRENT_PROJECT_VERSION = 1;
				DEVELOPMENT_TEAM = 8HGLQ349Q9;
				GENERATE_INFOPLIST_FILE = YES;
				MARKETING_VERSION = 1.0;
				PRODUCT_BUNDLE_IDENTIFIER = "com.amanullah.My-ShopUITests";
				PRODUCT_NAME = "$(TARGET_NAME)";
				SWIFT_EMIT_LOC_STRINGS = NO;
				SWIFT_VERSION = 5.0;
				TARGETED_DEVICE_FAMILY = "1,2";
				TEST_TARGET_NAME = "My Shop";
			};
			name = Release;
		};
/* End XCBuildConfiguration section */

/* Begin XCConfigurationList section */
		9565E7952C16E65100B2BE25 /* Build configuration list for PBXProject "My Shop" */ = {
			isa = XCConfigurationList;
			buildConfigurations = (
				9565E7BC2C16E65200B2BE25 /* Debug */,
				9565E7BD2C16E65200B2BE25 /* Release */,
			);
			defaultConfigurationIsVisible = 0;
			defaultConfigurationName = Release;
		};
		9565E7BE2C16E65200B2BE25 /* Build configuration list for PBXNativeTarget "My Shop" */ = {
			isa = XCConfigurationList;
			buildConfigurations = (
				9565E7BF2C16E65200B2BE25 /* Debug */,
				9565E7C02C16E65200B2BE25 /* Release */,
			);
			defaultConfigurationIsVisible = 0;
			defaultConfigurationName = Release;
		};
		9565E7C12C16E65200B2BE25 /* Build configuration list for PBXNativeTarget "My ShopTests" */ = {
			isa = XCConfigurationList;
			buildConfigurations = (
				9565E7C22C16E65200B2BE25 /* Debug */,
				9565E7C32C16E65200B2BE25 /* Release */,
			);
			defaultConfigurationIsVisible = 0;
			defaultConfigurationName = Release;
		};
		9565E7C42C16E65200B2BE25 /* Build configuration list for PBXNativeTarget "My ShopUITests" */ = {
			isa = XCConfigurationList;
			buildConfigurations = (
				9565E7C52C16E65200B2BE25 /* Debug */,
				9565E7C62C16E65200B2BE25 /* Release */,
			);
			defaultConfigurationIsVisible = 0;
			defaultConfigurationName = Release;
		};
/* End XCConfigurationList section */

/* Begin XCVersionGroup section */
		95EFC7232C19FF0200BAEC57 /* ShopContainer.xcdatamodeld */ = {
			isa = XCVersionGroup;
			children = (
				95EFC7242C19FF0200BAEC57 /* CartContainer.xcdatamodel */,
			);
			currentVersion = 95EFC7242C19FF0200BAEC57 /* CartContainer.xcdatamodel */;
			path = ShopContainer.xcdatamodeld;
			sourceTree = "<group>";
			versionGroupType = wrapper.xcdatamodel;
		};
/* End XCVersionGroup section */
	};
	rootObject = 9565E7922C16E65100B2BE25 /* Project object */;
}
